
Microsoft Visual Studio Solution File, Format Version 12.00
# Visual Studio Version 17
VisualStudioVersion = 17.14.36429.23
MinimumVisualStudioVersion = 10.0.40219.1
Project("{2150E333-8FDC-42A3-9474-1A3956D46DE8}") = "Task0", "Task0", "{02EA681E-C7D8-13C7-8484-4AC65E1B71E8}"
EndProject
Project("{FAE04EC0-301F-11D3-BF4B-00C04F79EFBC}") = "Tyuiu.TenkeumiaffoSL.Sprint0.Task0.V0", "Tyuiu.TenkeumiaffoSL.Sprint0.Task0.V0\Tyuiu.TenkeumiaffoSL.Sprint0.Task0.V0.csproj", "{C15CA7F1-D219-44AA-9177-05C7A5654BCB}"
EndProject
Project("{2150E333-8FDC-42A3-9474-1A3956D46DE8}") = "Taks1", "Taks1", "{6EAE6A15-D491-45FA-B8A1-0A94DE413396}"
EndProject
Project("{FAE04EC0-301F-11D3-BF4B-00C04F79EFBC}") = "Tyuiu.TenkeumiaffoSL.Sprint0.V0", "Tyuiu.TenkeumiaffoSL.Sprint0.V0\Tyuiu.TenkeumiaffoSL.Sprint0.V0.csproj", "{63D475AF-9C18-413A-A3A1-5F1D66ED70DA}"
EndProject
Project("{FAE04EC0-301F-11D3-BF4B-00C04F79EFBC}") = "Tyuiu.TenkeumiaffoSL.Sprint0.Task1.V0", "Tyuiu.TenkeumiaffoSL.Sprint0.Task1.V0\Tyuiu.TenkeumiaffoSL.Sprint0.Task1.V0.csproj", "{F4231218-7DB6-4088-BF54-EF4B30CA4994}"
EndProject
Project("{2150E333-8FDC-42A3-9474-1A3956D46DE8}") = "Task2", "Task2", "{F14D1125-5CDE-4AEA-9E20-580B9D94B071}"
EndProject
Project("{FAE04EC0-301F-11D3-BF4B-00C04F79EFBC}") = "Tyuiu.TenkeumiaffoSL.Sprint0.Task2.V0", "Tyuiu.TenkeumiaffoSL.Sprint0.Task2.V0\Tyuiu.TenkeumiaffoSL.Sprint0.Task2.V0.csproj", "{6DC0CB0B-F9F0-4209-89EA-D88731549198}"
EndProject
Project("{FAE04EC0-301F-11D3-BF4B-00C04F79EFBC}") = "Tyuiu.TenkeumiaffoSL.Sprint0.Task2.V0.Lib", "Tyuiu.TenkeumiaffoSL.Sprint0.Task2.V0.Lib\Tyuiu.TenkeumiaffoSL.Sprint0.Task2.V0.Lib.csproj", "{5FA358BF-4965-468C-AEB4-4B6F2456584E}"
EndProject
Project("{FAE04EC0-301F-11D3-BF4B-00C04F79EFBC}") = "Tyuiu.TenkeumiaffoSL.Sprint0.Task2.V0.Test", "Tyuiu.TenkeumiaffoSL.Sprint0.Task2.V0.Test\Tyuiu.TenkeumiaffoSL.Sprint0.Task2.V0.Test.csproj", "{DB80C12F-A8EF-456F-ACB7-BA203257A992}"
EndProject
Project("{2150E333-8FDC-42A3-9474-1A3956D46DE8}") = "Task3", "Task3", "{141D8C61-A635-4630-AC08-81934AF54191}"
EndProject
Project("{FAE04EC0-301F-11D3-BF4B-00C04F79EFBC}") = "Tyuiu.TenkeumiaffoSL.Sprint0.Task3.V0", "Tyuiu.TenkeumiaffoSL.Sprint0.Task3.V0\Tyuiu.TenkeumiaffoSL.Sprint0.Task3.V0.csproj", "{E8C3987E-47B8-4C62-ADC0-79D61DDA3602}"
EndProject
Project("{FAE04EC0-301F-11D3-BF4B-00C04F79EFBC}") = "Tyuiu.TenkeumiaffoSL.Sprint0.Task3.V0.Lib", "Tyuiu.TenkeumiaffoSL.Sprint0.Task3.V0.Lib\Tyuiu.TenkeumiaffoSL.Sprint0.Task3.V0.Lib.csproj", "{4A8662BD-683E-4436-AB87-D045CBEB12A6}"
EndProject
Project("{FAE04EC0-301F-11D3-BF4B-00C04F79EFBC}") = "Tyuiu.TenkeumiaffoSL.Sprint0.Task3.V0.Test", "Tyuiu.TenkeumiaffoSL.Sprint0.Task3.V0.Test\Tyuiu.TenkeumiaffoSL.Sprint0.Task3.V0.Test.csproj", "{2DF33EE0-E0A3-48A9-91EC-F568BC7022D6}"
EndProject
Global
	GlobalSection(SolutionConfigurationPlatforms) = preSolution
		Debug|Any CPU = Debug|Any CPU
		Release|Any CPU = Release|Any CPU
	EndGlobalSection
	GlobalSection(ProjectConfigurationPlatforms) = postSolution
		{C15CA7F1-D219-44AA-9177-05C7A5654BCB}.Debug|Any CPU.ActiveCfg = Debug|Any CPU
		{C15CA7F1-D219-44AA-9177-05C7A5654BCB}.Debug|Any CPU.Build.0 = Debug|Any CPU
		{C15CA7F1-D219-44AA-9177-05C7A5654BCB}.Release|Any CPU.ActiveCfg = Release|Any CPU
		{C15CA7F1-D219-44AA-9177-05C7A5654BCB}.Release|Any CPU.Build.0 = Release|Any CPU
		{63D475AF-9C18-413A-A3A1-5F1D66ED70DA}.Debug|Any CPU.ActiveCfg = Debug|Any CPU
		{63D475AF-9C18-413A-A3A1-5F1D66ED70DA}.Debug|Any CPU.Build.0 = Debug|Any CPU
		{63D475AF-9C18-413A-A3A1-5F1D66ED70DA}.Release|Any CPU.ActiveCfg = Release|Any CPU
		{63D475AF-9C18-413A-A3A1-5F1D66ED70DA}.Release|Any CPU.Build.0 = Release|Any CPU
		{F4231218-7DB6-4088-BF54-EF4B30CA4994}.Debug|Any CPU.ActiveCfg = Debug|Any CPU
		{F4231218-7DB6-4088-BF54-EF4B30CA4994}.Debug|Any CPU.Build.0 = Debug|Any CPU
		{F4231218-7DB6-4088-BF54-EF4B30CA4994}.Release|Any CPU.ActiveCfg = Release|Any CPU
		{F4231218-7DB6-4088-BF54-EF4B30CA4994}.Release|Any CPU.Build.0 = Release|Any CPU
		{6DC0CB0B-F9F0-4209-89EA-D88731549198}.Debug|Any CPU.ActiveCfg = Debug|Any CPU
		{6DC0CB0B-F9F0-4209-89EA-D88731549198}.Debug|Any CPU.Build.0 = Debug|Any CPU
		{6DC0CB0B-F9F0-4209-89EA-D88731549198}.Release|Any CPU.ActiveCfg = Release|Any CPU
		{6DC0CB0B-F9F0-4209-89EA-D88731549198}.Release|Any CPU.Build.0 = Release|Any CPU
		{5FA358BF-4965-468C-AEB4-4B6F2456584E}.Debug|Any CPU.ActiveCfg = Debug|Any CPU
		{5FA358BF-4965-468C-AEB4-4B6F2456584E}.Debug|Any CPU.Build.0 = Debug|Any CPU
		{5FA358BF-4965-468C-AEB4-4B6F2456584E}.Release|Any CPU.ActiveCfg = Release|Any CPU
		{5FA358BF-4965-468C-AEB4-4B6F2456584E}.Release|Any CPU.Build.0 = Release|Any CPU
		{DB80C12F-A8EF-456F-ACB7-BA203257A992}.Debug|Any CPU.ActiveCfg = Debug|Any CPU
		{DB80C12F-A8EF-456F-ACB7-BA203257A992}.Debug|Any CPU.Build.0 = Debug|Any CPU
		{DB80C12F-A8EF-456F-ACB7-BA203257A992}.Release|Any CPU.ActiveCfg = Release|Any CPU
		{DB80C12F-A8EF-456F-ACB7-BA203257A992}.Release|Any CPU.Build.0 = Release|Any CPU
		{E8C3987E-47B8-4C62-ADC0-79D61DDA3602}.Debug|Any CPU.ActiveCfg = Debug|Any CPU
		{E8C3987E-47B8-4C62-ADC0-79D61DDA3602}.Debug|Any CPU.Build.0 = Debug|Any CPU
		{E8C3987E-47B8-4C62-ADC0-79D61DDA3602}.Release|Any CPU.ActiveCfg = Release|Any CPU
		{E8C3987E-47B8-4C62-ADC0-79D61DDA3602}.Release|Any CPU.Build.0 = Release|Any CPU
		{4A8662BD-683E-4436-AB87-D045CBEB12A6}.Debug|Any CPU.ActiveCfg = Debug|Any CPU
		{4A8662BD-683E-4436-AB87-D045CBEB12A6}.Debug|Any CPU.Build.0 = Debug|Any CPU
		{4A8662BD-683E-4436-AB87-D045CBEB12A6}.Release|Any CPU.ActiveCfg = Release|Any CPU
		{4A8662BD-683E-4436-AB87-D045CBEB12A6}.Release|Any CPU.Build.0 = Release|Any CPU
		{2DF33EE0-E0A3-48A9-91EC-F568BC7022D6}.Debug|Any CPU.ActiveCfg = Debug|Any CPU
		{2DF33EE0-E0A3-48A9-91EC-F568BC7022D6}.Debug|Any CPU.Build.0 = Debug|Any CPU
		{2DF33EE0-E0A3-48A9-91EC-F568BC7022D6}.Release|Any CPU.ActiveCfg = Release|Any CPU
		{2DF33EE0-E0A3-48A9-91EC-F568BC7022D6}.Release|Any CPU.Build.0 = Release|Any CPU
	EndGlobalSection
	GlobalSection(SolutionProperties) = preSolution
		HideSolutionNode = FALSE
	EndGlobalSection
	GlobalSection(NestedProjects) = preSolution
		{C15CA7F1-D219-44AA-9177-05C7A5654BCB} = {02EA681E-C7D8-13C7-8484-4AC65E1B71E8}
		{63D475AF-9C18-413A-A3A1-5F1D66ED70DA} = {6EAE6A15-D491-45FA-B8A1-0A94DE413396}
		{F4231218-7DB6-4088-BF54-EF4B30CA4994} = {6EAE6A15-D491-45FA-B8A1-0A94DE413396}
		{6DC0CB0B-F9F0-4209-89EA-D88731549198} = {F14D1125-5CDE-4AEA-9E20-580B9D94B071}
		{5FA358BF-4965-468C-AEB4-4B6F2456584E} = {F14D1125-5CDE-4AEA-9E20-580B9D94B071}
		{DB80C12F-A8EF-456F-ACB7-BA203257A992} = {F14D1125-5CDE-4AEA-9E20-580B9D94B071}
		{E8C3987E-47B8-4C62-ADC0-79D61DDA3602} = {141D8C61-A635-4630-AC08-81934AF54191}
		{4A8662BD-683E-4436-AB87-D045CBEB12A6} = {141D8C61-A635-4630-AC08-81934AF54191}
		{2DF33EE0-E0A3-48A9-91EC-F568BC7022D6} = {141D8C61-A635-4630-AC08-81934AF54191}
	EndGlobalSection
	GlobalSection(ExtensibilityGlobals) = postSolution
		SolutionGuid = {5DD0ED20-3F29-4147-A5B2-B62ADAEDD540}
	EndGlobalSection
EndGlobal
