
Microsoft Visual Studio Solution File, Format Version 12.00
# Visual Studio Version 17
VisualStudioVersion = 17.14.36429.23
MinimumVisualStudioVersion = 10.0.40219.1
Project("{2150E333-8FDC-42A3-9474-1A3956D46DE8}") = "Task0", "Task0", "{02EA681E-C7D8-13C7-8484-4AC65E1B71E8}"
EndProject
Project("{FAE04EC0-301F-11D3-BF4B-00C04F79EFBC}") = "Tyuiu.TenkeumiaffoSL.Sprint0.Task0.V0", "Tyuiu.TenkeumiaffoSL.Sprint0.Task0.V0\Tyuiu.TenkeumiaffoSL.Sprint0.Task0.V0.csproj", "{C15CA7F1-D219-44AA-9177-05C7A5654BCB}"
EndProject
Project("{2150E333-8FDC-42A3-9474-1A3956D46DE8}") = "Taks1", "Taks1", "{6EAE6A15-D491-45FA-B8A1-0A94DE413396}"
EndProject
Project("{FAE04EC0-301F-11D3-BF4B-00C04F79EFBC}") = "Tyuiu.TenkeumiaffoSL.Sprint0.V0", "Tyuiu.TenkeumiaffoSL.Sprint0.V0\Tyuiu.TenkeumiaffoSL.Sprint0.V0.csproj", "{63D475AF-9C18-413A-A3A1-5F1D66ED70DA}"
EndProject
Project("{FAE04EC0-301F-11D3-BF4B-00C04F79EFBC}") = "Tyuiu.TenkeumiaffoSL.Sprint0.Task1.V0", "Tyuiu.TenkeumiaffoSL.Sprint0.Task1.V0\Tyuiu.TenkeumiaffoSL.Sprint0.Task1.V0.csproj", "{F4231218-7DB6-4088-BF54-EF4B30CA4994}"
EndProject
Project("{2150E333-8FDC-42A3-9474-1A3956D46DE8}") = "Task2", "Task2", "{F14D1125-5CDE-4AEA-9E20-580B9D94B071}"
EndProject
Project("{FAE04EC0-301F-11D3-BF4B-00C04F79EFBC}") = "Tyuiu.TenkeumiaffoSL.Sprint0.Task2.V0", "Tyuiu.TenkeumiaffoSL.Sprint0.Task2.V0\Tyuiu.TenkeumiaffoSL.Sprint0.Task2.V0.csproj", "{6DC0CB0B-F9F0-4209-89EA-D88731549198}"
EndProject
Project("{FAE04EC0-301F-11D3-BF4B-00C04F79EFBC}") = "Tyuiu.TenkeumiaffoSL.Sprint0.Task2.V0.Lib", "Tyuiu.TenkeumiaffoSL.Sprint0.Task2.V0.Lib\Tyuiu.TenkeumiaffoSL.Sprint0.Task2.V0.Lib.csproj", "{5FA358BF-4965-468C-AEB4-4B6F2456584E}"
EndProject
Project("{FAE04EC0-301F-11D3-BF4B-00C04F79EFBC}") = "Tyuiu.TenkeumiaffoSL.Sprint0.Task2.V0.Test", "Tyuiu.TenkeumiaffoSL.Sprint0.Task2.V0.Test\Tyuiu.TenkeumiaffoSL.Sprint0.Task2.V0.Test.csproj", "{DB80C12F-A8EF-456F-ACB7-BA203257A992}"
EndProject
Project("{2150E333-8FDC-42A3-9474-1A3956D46DE8}") = "Task3", "Task3", "{047B141B-B818-4C0D-A039-FF3C126467F8}"
EndProject
Project("{FAE04EC0-301F-11D3-BF4B-00C04F79EFBC}") = "Tyuiu.TenkeumiaffoSL.Sprint0.Task3.V0", "Tyuiu.TenkeumiaffoSL.Sprint0.Task3.V0\Tyuiu.TenkeumiaffoSL.Sprint0.Task3.V0.csproj", "{73AF3508-2834-4B33-8472-9AF1348FB6BD}"
EndProject
Project("{FAE04EC0-301F-11D3-BF4B-00C04F79EFBC}") = "Tyuiu.TenkeumiaffoSL.Sprint0.Task3.V0.Lib", "Tyuiu.TenkeumiaffoSL.Sprint0.Task3.V0.Lib\Tyuiu.TenkeumiaffoSL.Sprint0.Task3.V0.Lib.csproj", "{4B48E598-994E-4539-916B-5A0C561DBFE3}"
EndProject
Project("{FAE04EC0-301F-11D3-BF4B-00C04F79EFBC}") = "Tyuiu.TenkeumiaffoSL.Sprint0.Task3.V0.Test", "Tyuiu.TenkeumiaffoSL.Sprint0.Task3.V0.Test\Tyuiu.TenkeumiaffoSL.Sprint0.Task3.V0.Test.csproj", "{AA6EDF44-C0B1-4E76-BD37-5BCACE22BCF7}"
EndProject
Project("{2150E333-8FDC-42A3-9474-1A3956D46DE8}") = "Task4", "Task4", "{367080A2-AC7D-4FAD-8F2D-E0FB709C1AFD}"
EndProject
Project("{FAE04EC0-301F-11D3-BF4B-00C04F79EFBC}") = "Tyuiu.TenkeumiaffoSL.Sprint0.Task4.V0", "Tyuiu.TenkeumiaffoSL.Sprint0.Task4.V0\Tyuiu.TenkeumiaffoSL.Sprint0.Task4.V0.csproj", "{852CC8D7-7CEA-4104-8493-E8E08F3B9C87}"
EndProject
Project("{FAE04EC0-301F-11D3-BF4B-00C04F79EFBC}") = "Tyuiu.TenkeumiaffoSL.Sprint0.Task4.V0.Lib", "Tyuiu.TenkeumiaffoSL.Sprint0.Task4.V0.Lib\Tyuiu.TenkeumiaffoSL.Sprint0.Task4.V0.Lib.csproj", "{AD08EBAD-EAA6-455E-A2E7-840C27073AB7}"
EndProject
Project("{FAE04EC0-301F-11D3-BF4B-00C04F79EFBC}") = "Tyuiu.TenkeumiaffoSL.Sprint0.Task4.V0.Test", "Tyuiu.TenkeumiaffoSL.Sprint0.Task4.V0.Test\Tyuiu.TenkeumiaffoSL.Sprint0.Task4.V0.Test.csproj", "{8CACF950-CF17-4E18-B270-DFB7130F5B04}"
EndProject
Project("{2150E333-8FDC-42A3-9474-1A3956D46DE8}") = "Task5", "Task5", "{BBE64E31-C7F4-435C-9D61-35C27F3C3FAD}"
EndProject
Project("{FAE04EC0-301F-11D3-BF4B-00C04F79EFBC}") = "Tyuiu.TenkeumiaffoSL.Sprint0.Task5.V0", "Tyuiu.TenkeumiaffoSL.Sprint0.Task5.V0\Tyuiu.TenkeumiaffoSL.Sprint0.Task5.V0.csproj", "{BD5B21A4-61DB-4222-AB47-86CCF74F04B2}"
EndProject
Project("{FAE04EC0-301F-11D3-BF4B-00C04F79EFBC}") = "Tyuiu.TenkeumiaffoSL.Sprint0.Task5.V0.Lib", "Tyuiu.TenkeumiaffoSL.Sprint0.Task5.V0.Lib\Tyuiu.TenkeumiaffoSL.Sprint0.Task5.V0.Lib.csproj", "{F420A65A-161E-47D8-8A29-505C2B666948}"
EndProject
Project("{FAE04EC0-301F-11D3-BF4B-00C04F79EFBC}") = "Tyuiu.TenkeumiaffoSL.Sprint0.Task5.V0.Test", "Tyuiu.TenkeumiaffoSL.Sprint0.Task5.V0.Test\Tyuiu.TenkeumiaffoSL.Sprint0.Task5.V0.Test.csproj", "{DB126691-7AC7-49BB-BB02-B95E6D0CD2B0}"
EndProject
Global
	GlobalSection(SolutionConfigurationPlatforms) = preSolution
		Debug|Any CPU = Debug|Any CPU
		Release|Any CPU = Release|Any CPU
	EndGlobalSection
	GlobalSection(ProjectConfigurationPlatforms) = postSolution
		{C15CA7F1-D219-44AA-9177-05C7A5654BCB}.Debug|Any CPU.ActiveCfg = Debug|Any CPU
		{C15CA7F1-D219-44AA-9177-05C7A5654BCB}.Debug|Any CPU.Build.0 = Debug|Any CPU
		{C15CA7F1-D219-44AA-9177-05C7A5654BCB}.Release|Any CPU.ActiveCfg = Release|Any CPU
		{C15CA7F1-D219-44AA-9177-05C7A5654BCB}.Release|Any CPU.Build.0 = Release|Any CPU
		{63D475AF-9C18-413A-A3A1-5F1D66ED70DA}.Debug|Any CPU.ActiveCfg = Debug|Any CPU
		{63D475AF-9C18-413A-A3A1-5F1D66ED70DA}.Debug|Any CPU.Build.0 = Debug|Any CPU
		{63D475AF-9C18-413A-A3A1-5F1D66ED70DA}.Release|Any CPU.ActiveCfg = Release|Any CPU
		{63D475AF-9C18-413A-A3A1-5F1D66ED70DA}.Release|Any CPU.Build.0 = Release|Any CPU
		{F4231218-7DB6-4088-BF54-EF4B30CA4994}.Debug|Any CPU.ActiveCfg = Debug|Any CPU
		{F4231218-7DB6-4088-BF54-EF4B30CA4994}.Debug|Any CPU.Build.0 = Debug|Any CPU
		{F4231218-7DB6-4088-BF54-EF4B30CA4994}.Release|Any CPU.ActiveCfg = Release|Any CPU
		{F4231218-7DB6-4088-BF54-EF4B30CA4994}.Release|Any CPU.Build.0 = Release|Any CPU
		{6DC0CB0B-F9F0-4209-89EA-D88731549198}.Debug|Any CPU.ActiveCfg = Debug|Any CPU
		{6DC0CB0B-F9F0-4209-89EA-D88731549198}.Debug|Any CPU.Build.0 = Debug|Any CPU
		{6DC0CB0B-F9F0-4209-89EA-D88731549198}.Release|Any CPU.ActiveCfg = Release|Any CPU
		{6DC0CB0B-F9F0-4209-89EA-D88731549198}.Release|Any CPU.Build.0 = Release|Any CPU
		{5FA358BF-4965-468C-AEB4-4B6F2456584E}.Debug|Any CPU.ActiveCfg = Debug|Any CPU
		{5FA358BF-4965-468C-AEB4-4B6F2456584E}.Debug|Any CPU.Build.0 = Debug|Any CPU
		{5FA358BF-4965-468C-AEB4-4B6F2456584E}.Release|Any CPU.ActiveCfg = Release|Any CPU
		{5FA358BF-4965-468C-AEB4-4B6F2456584E}.Release|Any CPU.Build.0 = Release|Any CPU
		{DB80C12F-A8EF-456F-ACB7-BA203257A992}.Debug|Any CPU.ActiveCfg = Debug|Any CPU
		{DB80C12F-A8EF-456F-ACB7-BA203257A992}.Debug|Any CPU.Build.0 = Debug|Any CPU
		{DB80C12F-A8EF-456F-ACB7-BA203257A992}.Release|Any CPU.ActiveCfg = Release|Any CPU
		{DB80C12F-A8EF-456F-ACB7-BA203257A992}.Release|Any CPU.Build.0 = Release|Any CPU
		{73AF3508-2834-4B33-8472-9AF1348FB6BD}.Debug|Any CPU.ActiveCfg = Debug|Any CPU
		{73AF3508-2834-4B33-8472-9AF1348FB6BD}.Debug|Any CPU.Build.0 = Debug|Any CPU
		{73AF3508-2834-4B33-8472-9AF1348FB6BD}.Release|Any CPU.ActiveCfg = Release|Any CPU
		{73AF3508-2834-4B33-8472-9AF1348FB6BD}.Release|Any CPU.Build.0 = Release|Any CPU
		{4B48E598-994E-4539-916B-5A0C561DBFE3}.Debug|Any CPU.ActiveCfg = Debug|Any CPU
		{4B48E598-994E-4539-916B-5A0C561DBFE3}.Debug|Any CPU.Build.0 = Debug|Any CPU
		{4B48E598-994E-4539-916B-5A0C561DBFE3}.Release|Any CPU.ActiveCfg = Release|Any CPU
		{4B48E598-994E-4539-916B-5A0C561DBFE3}.Release|Any CPU.Build.0 = Release|Any CPU
		{AA6EDF44-C0B1-4E76-BD37-5BCACE22BCF7}.Debug|Any CPU.ActiveCfg = Debug|Any CPU
		{AA6EDF44-C0B1-4E76-BD37-5BCACE22BCF7}.Debug|Any CPU.Build.0 = Debug|Any CPU
		{AA6EDF44-C0B1-4E76-BD37-5BCACE22BCF7}.Release|Any CPU.ActiveCfg = Release|Any CPU
		{AA6EDF44-C0B1-4E76-BD37-5BCACE22BCF7}.Release|Any CPU.Build.0 = Release|Any CPU
		{852CC8D7-7CEA-4104-8493-E8E08F3B9C87}.Debug|Any CPU.ActiveCfg = Debug|Any CPU
		{852CC8D7-7CEA-4104-8493-E8E08F3B9C87}.Debug|Any CPU.Build.0 = Debug|Any CPU
		{852CC8D7-7CEA-4104-8493-E8E08F3B9C87}.Release|Any CPU.ActiveCfg = Release|Any CPU
		{852CC8D7-7CEA-4104-8493-E8E08F3B9C87}.Release|Any CPU.Build.0 = Release|Any CPU
		{AD08EBAD-EAA6-455E-A2E7-840C27073AB7}.Debug|Any CPU.ActiveCfg = Debug|Any CPU
		{AD08EBAD-EAA6-455E-A2E7-840C27073AB7}.Debug|Any CPU.Build.0 = Debug|Any CPU
		{AD08EBAD-EAA6-455E-A2E7-840C27073AB7}.Release|Any CPU.ActiveCfg = Release|Any CPU
		{AD08EBAD-EAA6-455E-A2E7-840C27073AB7}.Release|Any CPU.Build.0 = Release|Any CPU
		{8CACF950-CF17-4E18-B270-DFB7130F5B04}.Debug|Any CPU.ActiveCfg = Debug|Any CPU
		{8CACF950-CF17-4E18-B270-DFB7130F5B04}.Debug|Any CPU.Build.0 = Debug|Any CPU
		{8CACF950-CF17-4E18-B270-DFB7130F5B04}.Release|Any CPU.ActiveCfg = Release|Any CPU
		{8CACF950-CF17-4E18-B270-DFB7130F5B04}.Release|Any CPU.Build.0 = Release|Any CPU
		{BD5B21A4-61DB-4222-AB47-86CCF74F04B2}.Debug|Any CPU.ActiveCfg = Debug|Any CPU
		{BD5B21A4-61DB-4222-AB47-86CCF74F04B2}.Debug|Any CPU.Build.0 = Debug|Any CPU
		{BD5B21A4-61DB-4222-AB47-86CCF74F04B2}.Release|Any CPU.ActiveCfg = Release|Any CPU
		{BD5B21A4-61DB-4222-AB47-86CCF74F04B2}.Release|Any CPU.Build.0 = Release|Any CPU
		{F420A65A-161E-47D8-8A29-505C2B666948}.Debug|Any CPU.ActiveCfg = Debug|Any CPU
		{F420A65A-161E-47D8-8A29-505C2B666948}.Debug|Any CPU.Build.0 = Debug|Any CPU
		{F420A65A-161E-47D8-8A29-505C2B666948}.Release|Any CPU.ActiveCfg = Release|Any CPU
		{F420A65A-161E-47D8-8A29-505C2B666948}.Release|Any CPU.Build.0 = Release|Any CPU
		{DB126691-7AC7-49BB-BB02-B95E6D0CD2B0}.Debug|Any CPU.ActiveCfg = Debug|Any CPU
		{DB126691-7AC7-49BB-BB02-B95E6D0CD2B0}.Debug|Any CPU.Build.0 = Debug|Any CPU
		{DB126691-7AC7-49BB-BB02-B95E6D0CD2B0}.Release|Any CPU.ActiveCfg = Release|Any CPU
		{DB126691-7AC7-49BB-BB02-B95E6D0CD2B0}.Release|Any CPU.Build.0 = Release|Any CPU
	EndGlobalSection
	GlobalSection(SolutionProperties) = preSolution
		HideSolutionNode = FALSE
	EndGlobalSection
	GlobalSection(NestedProjects) = preSolution
		{C15CA7F1-D219-44AA-9177-05C7A5654BCB} = {02EA681E-C7D8-13C7-8484-4AC65E1B71E8}
		{63D475AF-9C18-413A-A3A1-5F1D66ED70DA} = {6EAE6A15-D491-45FA-B8A1-0A94DE413396}
		{F4231218-7DB6-4088-BF54-EF4B30CA4994} = {6EAE6A15-D491-45FA-B8A1-0A94DE413396}
		{6DC0CB0B-F9F0-4209-89EA-D88731549198} = {F14D1125-5CDE-4AEA-9E20-580B9D94B071}
		{5FA358BF-4965-468C-AEB4-4B6F2456584E} = {F14D1125-5CDE-4AEA-9E20-580B9D94B071}
		{DB80C12F-A8EF-456F-ACB7-BA203257A992} = {F14D1125-5CDE-4AEA-9E20-580B9D94B071}
		{73AF3508-2834-4B33-8472-9AF1348FB6BD} = {047B141B-B818-4C0D-A039-FF3C126467F8}
		{4B48E598-994E-4539-916B-5A0C561DBFE3} = {047B141B-B818-4C0D-A039-FF3C126467F8}
		{AA6EDF44-C0B1-4E76-BD37-5BCACE22BCF7} = {047B141B-B818-4C0D-A039-FF3C126467F8}
		{852CC8D7-7CEA-4104-8493-E8E08F3B9C87} = {367080A2-AC7D-4FAD-8F2D-E0FB709C1AFD}
		{AD08EBAD-EAA6-455E-A2E7-840C27073AB7} = {367080A2-AC7D-4FAD-8F2D-E0FB709C1AFD}
		{8CACF950-CF17-4E18-B270-DFB7130F5B04} = {367080A2-AC7D-4FAD-8F2D-E0FB709C1AFD}
		{BD5B21A4-61DB-4222-AB47-86CCF74F04B2} = {BBE64E31-C7F4-435C-9D61-35C27F3C3FAD}
		{F420A65A-161E-47D8-8A29-505C2B666948} = {BBE64E31-C7F4-435C-9D61-35C27F3C3FAD}
		{DB126691-7AC7-49BB-BB02-B95E6D0CD2B0} = {BBE64E31-C7F4-435C-9D61-35C27F3C3FAD}
	EndGlobalSection
	GlobalSection(ExtensibilityGlobals) = postSolution
		SolutionGuid = {5DD0ED20-3F29-4147-A5B2-B62ADAEDD540}
	EndGlobalSection
EndGlobal
